
Microsoft Visual Studio Solution File, Format Version 12.00
# Visual Studio Version 17
VisualStudioVersion = 17.2.32630.192
MinimumVisualStudioVersion = 10.0.40219.1
Project("{FAE04EC0-301F-11D3-BF4B-00C04F79EFBC}") = "TestCaseVersta", "TestCaseVersta\TestCaseVersta.csproj", "{8F1D8216-9BF0-40E2-BC12-8DF496B499C6}"
EndProject
Global
	GlobalSection(SolutionConfigurationPlatforms) = preSolution
		Debug|Any CPU = Debug|Any CPU
		Release|Any CPU = Release|Any CPU
	EndGlobalSection
	GlobalSection(ProjectConfigurationPlatforms) = postSolution
		{8F1D8216-9BF0-40E2-BC12-8DF496B499C6}.Debug|Any CPU.ActiveCfg = Debug|Any CPU
		{8F1D8216-9BF0-40E2-BC12-8DF496B499C6}.Debug|Any CPU.Build.0 = Debug|Any CPU
		{8F1D8216-9BF0-40E2-BC12-8DF496B499C6}.Release|Any CPU.ActiveCfg = Release|Any CPU
		{8F1D8216-9BF0-40E2-BC12-8DF496B499C6}.Release|Any CPU.Build.0 = Release|Any CPU
	EndGlobalSection
	GlobalSection(SolutionProperties) = preSolution
		HideSolutionNode = FALSE
	EndGlobalSection
	GlobalSection(ExtensibilityGlobals) = postSolution
		SolutionGuid = {7D95582F-11C8-43AE-9D3E-B7EF11DBA535}
	EndGlobalSection
EndGlobal
